{
  "nodes": {
    "flake-utils": {
      "locked": {
        "lastModified": 1644229661,
        "narHash": "sha256-1YdnJAsNy69bpcjuoKdOYQX0YxZBiCYZo4Twxerqv7k=",
        "owner": "numtide",
        "repo": "flake-utils",
        "rev": "3cecb5b042f7f209c56ffd8371b2711a290ec797",
        "type": "github"
      },
      "original": {
        "owner": "numtide",
        "repo": "flake-utils",
        "type": "github"
      }
    },
    "fortanix-sgx-tools": {
      "inputs": {
        "flake-utils": [
          "flake-utils"
        ],
        "nixpkgs": [
          "nixpkgs"
        ],
        "rust-overlay": [
          "rust-overlay"
        ]
      },
      "locked": {
        "lastModified": 1646375549,
        "narHash": "sha256-0DO1NjmV8shWAZUywUEiFV4DRnPuqmsRBUKoKzPrM8k=",
        "owner": "sbellem",
        "repo": "fortanix-sgx-tools",
        "rev": "1feba1667c8b12c94dddd072961963555b629164",
        "type": "github"
      },
      "original": {
        "owner": "sbellem",
        "repo": "fortanix-sgx-tools",
        "type": "github"
      }
    },
    "nixpkgs": {
      "locked": {
        "lastModified": 1646415428,
        "narHash": "sha256-L6ysyFcumtr+JnSXIuBx3SzZaptTneSzJ6aPnQKE4Kg=",
        "owner": "nixos",
        "repo": "nixpkgs",
        "rev": "639d0ff3523f1b4b0f82cf51dba4697b9c89323b",
        "type": "github"
      },
      "original": {
        "owner": "nixos",
        "ref": "nixpkgs-unstable",
        "repo": "nixpkgs",
        "type": "github"
      }
    },
    "oasis-core-tools": {
      "inputs": {
        "flake-utils": [
          "flake-utils"
        ],
        "nixpkgs": [
          "nixpkgs"
        ],
        "rust-overlay": [
          "rust-overlay"
        ]
      },
      "locked": {
        "lastModified": 1646378765,
        "narHash": "sha256-MqV5jBdee4TFkI+J0b9U/s7MTXb3GWeNJjy9go91COU=",
        "owner": "sbellem",
        "repo": "oasis-core",
        "rev": "ad6b02ccc7ca5662f5e3697afd8c2a86e2e3c84b",
        "type": "github"
      },
      "original": {
        "owner": "sbellem",
        "ref": "nix",
        "repo": "oasis-core",
        "type": "github"
      }
    },
    "root": {
      "inputs": {
        "flake-utils": "flake-utils",
        "fortanix-sgx-tools": "fortanix-sgx-tools",
        "nixpkgs": "nixpkgs",
        "oasis-core-tools": "oasis-core-tools",
        "rust-overlay": "rust-overlay",
        "sgxs-tools": "sgxs-tools"
      }
    },
    "rust-overlay": {
      "inputs": {
        "flake-utils": [
          "flake-utils"
        ],
        "nixpkgs": [
          "nixpkgs"
        ]
      },
      "locked": {
        "lastModified": 1646447076,
        "narHash": "sha256-iGA3OueLeVPjyFM6LjDK1wIIci1DwsLh7CUCRc1qRbA=",
        "owner": "oxalica",
        "repo": "rust-overlay",
        "rev": "6923045c7b80aba6c81fe3eca7824a20c8724c0f",
        "type": "github"
      },
      "original": {
        "owner": "oxalica",
        "repo": "rust-overlay",
        "type": "github"
      }
    },
    "sgxs-tools": {
      "inputs": {
        "flake-utils": [
          "flake-utils"
        ],
        "nixpkgs": [
          "nixpkgs"
        ],
        "rust-overlay": [
          "rust-overlay"
        ]
      },
      "locked": {
        "lastModified": 1646465660,
        "narHash": "sha256-pmoxrmEpSZ7q7wHyg6xLRE3nuljbm5LU0EXyL9DiP/k=",
        "owner": "sbellem",
        "repo": "sgxs-tools",
        "rev": "ff077f6283ae23a90b00b04f85b86cd058db8687",
        "type": "github"
      },
      "original": {
        "owner": "sbellem",
        "repo": "sgxs-tools",
        "type": "github"
      }
    }
  },
  "root": "root",
  "version": 7
}
