{
  "nodes": {
    "flake-utils": {
      "locked": {
        "lastModified": 1644229661,
        "narHash": "sha256-1YdnJAsNy69bpcjuoKdOYQX0YxZBiCYZo4Twxerqv7k=",
        "owner": "numtide",
        "repo": "flake-utils",
        "rev": "3cecb5b042f7f209c56ffd8371b2711a290ec797",
        "type": "github"
      },
      "original": {
        "owner": "numtide",
        "repo": "flake-utils",
        "type": "github"
      }
    },
    "fortanix-sgx-tools": {
      "inputs": {
        "flake-utils": [
          "flake-utils"
        ],
        "nixpkgs": [
          "nixpkgs"
        ],
        "rust-overlay": [
          "rust-overlay"
        ]
      },
      "locked": {
        "lastModified": 1646375549,
        "narHash": "sha256-0DO1NjmV8shWAZUywUEiFV4DRnPuqmsRBUKoKzPrM8k=",
        "owner": "sbellem",
        "repo": "fortanix-sgx-tools",
        "rev": "1feba1667c8b12c94dddd072961963555b629164",
        "type": "github"
      },
      "original": {
        "owner": "sbellem",
        "repo": "fortanix-sgx-tools",
        "type": "github"
      }
    },
    "nixpkgs": {
      "locked": {
        "lastModified": 1646331602,
        "narHash": "sha256-cRuytTfel52z947yKfJcZU7zbQBgM16qqTf+oJkVwtg=",
        "owner": "nixos",
        "repo": "nixpkgs",
        "rev": "ad267cc9cf3d5a6ae63940df31eb31382d6356e6",
        "type": "github"
      },
      "original": {
        "owner": "nixos",
        "ref": "nixpkgs-unstable",
        "repo": "nixpkgs",
        "type": "github"
      }
    },
    "oasis-core-tools": {
      "inputs": {
        "flake-utils": [
          "flake-utils"
        ],
        "nixpkgs": [
          "nixpkgs"
        ],
        "rust-overlay": [
          "rust-overlay"
        ]
      },
      "locked": {
        "lastModified": 1646378765,
        "narHash": "sha256-MqV5jBdee4TFkI+J0b9U/s7MTXb3GWeNJjy9go91COU=",
        "owner": "sbellem",
        "repo": "oasis-core",
        "rev": "ad6b02ccc7ca5662f5e3697afd8c2a86e2e3c84b",
        "type": "github"
      },
      "original": {
        "owner": "sbellem",
        "ref": "nix",
        "repo": "oasis-core",
        "type": "github"
      }
    },
    "root": {
      "inputs": {
        "flake-utils": "flake-utils",
        "fortanix-sgx-tools": "fortanix-sgx-tools",
        "nixpkgs": "nixpkgs",
        "oasis-core-tools": "oasis-core-tools",
        "rust-overlay": "rust-overlay",
        "sgxs-tools": "sgxs-tools"
      }
    },
    "rust-overlay": {
      "inputs": {
        "flake-utils": [
          "flake-utils"
        ],
        "nixpkgs": [
          "nixpkgs"
        ]
      },
      "locked": {
        "lastModified": 1646360880,
        "narHash": "sha256-Xu/gQO2eqRBOOarjl7XuPdrtKagAGAZDn6AlIRzGUns=",
        "owner": "oxalica",
        "repo": "rust-overlay",
        "rev": "194016e6b086bfa5965aeb8979c58b93e03e2485",
        "type": "github"
      },
      "original": {
        "owner": "oxalica",
        "repo": "rust-overlay",
        "type": "github"
      }
    },
    "sgxs-tools": {
      "inputs": {
        "flake-utils": [
          "flake-utils"
        ],
        "nixpkgs": [
          "nixpkgs"
        ],
        "rust-overlay": [
          "rust-overlay"
        ]
      },
      "locked": {
        "lastModified": 1646375519,
        "narHash": "sha256-Vc1rq89G8veYNWaGyhkWvx8fvemRNTjuIShH//0U4gc=",
        "owner": "sbellem",
        "repo": "sgxs-tools",
        "rev": "de7276756ef0fc28785f9ef7748b02b2c6d5060d",
        "type": "github"
      },
      "original": {
        "owner": "sbellem",
        "repo": "sgxs-tools",
        "type": "github"
      }
    }
  },
  "root": "root",
  "version": 7
}
